
Microsoft Visual Studio Solution File, Format Version 12.00
# Visual Studio Version 17
VisualStudioVersion = 17.9.34607.119
MinimumVisualStudioVersion = 10.0.40219.1
Project("{8BC9CEB8-8B4A-11D0-8D11-00A0C91BC942}") = "genap", "genap\genap.vcxproj", "{F2A23DD0-2786-412D-874E-C269D5BD233E}"
EndProject
Project("{8BC9CEB8-8B4A-11D0-8D11-00A0C91BC942}") = "ganjil", "ganjil\ganjil.vcxproj", "{70411878-8A37-4477-9F23-04898F4FB3D7}"
EndProject
Project("{8BC9CEB8-8B4A-11D0-8D11-00A0C91BC942}") = "ganjil genap", "ganjil genap\ganjil genap.vcxproj", "{7259F39F-28CA-4FC3-AD06-17DED035A5CE}"
EndProject
Global
	GlobalSection(SolutionConfigurationPlatforms) = preSolution
		Debug|x64 = Debug|x64
		Debug|x86 = Debug|x86
		Release|x64 = Release|x64
		Release|x86 = Release|x86
	EndGlobalSection
	GlobalSection(ProjectConfigurationPlatforms) = postSolution
		{F2A23DD0-2786-412D-874E-C269D5BD233E}.Debug|x64.ActiveCfg = Debug|x64
		{F2A23DD0-2786-412D-874E-C269D5BD233E}.Debug|x64.Build.0 = Debug|x64
		{F2A23DD0-2786-412D-874E-C269D5BD233E}.Debug|x86.ActiveCfg = Debug|Win32
		{F2A23DD0-2786-412D-874E-C269D5BD233E}.Debug|x86.Build.0 = Debug|Win32
		{F2A23DD0-2786-412D-874E-C269D5BD233E}.Release|x64.ActiveCfg = Release|x64
		{F2A23DD0-2786-412D-874E-C269D5BD233E}.Release|x64.Build.0 = Release|x64
		{F2A23DD0-2786-412D-874E-C269D5BD233E}.Release|x86.ActiveCfg = Release|Win32
		{F2A23DD0-2786-412D-874E-C269D5BD233E}.Release|x86.Build.0 = Release|Win32
		{70411878-8A37-4477-9F23-04898F4FB3D7}.Debug|x64.ActiveCfg = Debug|x64
		{70411878-8A37-4477-9F23-04898F4FB3D7}.Debug|x64.Build.0 = Debug|x64
		{70411878-8A37-4477-9F23-04898F4FB3D7}.Debug|x86.ActiveCfg = Debug|Win32
		{70411878-8A37-4477-9F23-04898F4FB3D7}.Debug|x86.Build.0 = Debug|Win32
		{70411878-8A37-4477-9F23-04898F4FB3D7}.Release|x64.ActiveCfg = Release|x64
		{70411878-8A37-4477-9F23-04898F4FB3D7}.Release|x64.Build.0 = Release|x64
		{70411878-8A37-4477-9F23-04898F4FB3D7}.Release|x86.ActiveCfg = Release|Win32
		{70411878-8A37-4477-9F23-04898F4FB3D7}.Release|x86.Build.0 = Release|Win32
		{7259F39F-28CA-4FC3-AD06-17DED035A5CE}.Debug|x64.ActiveCfg = Debug|x64
		{7259F39F-28CA-4FC3-AD06-17DED035A5CE}.Debug|x64.Build.0 = Debug|x64
		{7259F39F-28CA-4FC3-AD06-17DED035A5CE}.Debug|x86.ActiveCfg = Debug|Win32
		{7259F39F-28CA-4FC3-AD06-17DED035A5CE}.Debug|x86.Build.0 = Debug|Win32
		{7259F39F-28CA-4FC3-AD06-17DED035A5CE}.Release|x64.ActiveCfg = Release|x64
		{7259F39F-28CA-4FC3-AD06-17DED035A5CE}.Release|x64.Build.0 = Release|x64
		{7259F39F-28CA-4FC3-AD06-17DED035A5CE}.Release|x86.ActiveCfg = Release|Win32
		{7259F39F-28CA-4FC3-AD06-17DED035A5CE}.Release|x86.Build.0 = Release|Win32
	EndGlobalSection
	GlobalSection(SolutionProperties) = preSolution
		HideSolutionNode = FALSE
	EndGlobalSection
	GlobalSection(ExtensibilityGlobals) = postSolution
		SolutionGuid = {C042C725-3BFA-4C06-88A6-A228A2D80F48}
	EndGlobalSection
EndGlobal
